
Microsoft Visual Studio Solution File, Format Version 12.00
# Visual Studio Version 16
VisualStudioVersion = 16.0.30907.101
MinimumVisualStudioVersion = 10.0.40219.1
Project("{FAE04EC0-301F-11D3-BF4B-00C04F79EFBC}") = "IntegriVideoBDD", "IntegriVideoBDD\IntegriVideoBDD.csproj", "{80BC2D09-BCDA-42B5-9550-A45E555796C1}"
EndProject
Global
	GlobalSection(SolutionConfigurationPlatforms) = preSolution
		Debug|Any CPU = Debug|Any CPU
		Release|Any CPU = Release|Any CPU
	EndGlobalSection
	GlobalSection(ProjectConfigurationPlatforms) = postSolution
		{80BC2D09-BCDA-42B5-9550-A45E555796C1}.Debug|Any CPU.ActiveCfg = Debug|Any CPU
		{80BC2D09-BCDA-42B5-9550-A45E555796C1}.Debug|Any CPU.Build.0 = Debug|Any CPU
		{80BC2D09-BCDA-42B5-9550-A45E555796C1}.Release|Any CPU.ActiveCfg = Release|Any CPU
		{80BC2D09-BCDA-42B5-9550-A45E555796C1}.Release|Any CPU.Build.0 = Release|Any CPU
	EndGlobalSection
	GlobalSection(SolutionProperties) = preSolution
		HideSolutionNode = FALSE
	EndGlobalSection
	GlobalSection(ExtensibilityGlobals) = postSolution
		SolutionGuid = {F7D35469-7910-4BAE-B050-B9B055A9A3D8}
	EndGlobalSection
EndGlobal
