
Microsoft Visual Studio Solution File, Format Version 12.00
# Visual Studio Version 16
VisualStudioVersion = 16.0.30002.166
MinimumVisualStudioVersion = 10.0.40219.1
Project("{FAE04EC0-301F-11D3-BF4B-00C04F79EFBC}") = "WebCore", "WebCore\WebCore.csproj", "{DF74D3EC-8BAD-4EF2-9310-05B759B0015D}"
EndProject
Project("{FAE04EC0-301F-11D3-BF4B-00C04F79EFBC}") = "Pages", "Pages\Pages.csproj", "{620C1575-DCA9-4AE8-9AD9-429A19B36C0A}"
EndProject
Project("{FAE04EC0-301F-11D3-BF4B-00C04F79EFBC}") = "Service", "Service\Service.csproj", "{18131610-1E9E-429C-B93E-D85149FC0529}"
EndProject
Project("{FAE04EC0-301F-11D3-BF4B-00C04F79EFBC}") = "Test", "Test\Test.csproj", "{2AF5D3DE-934A-489A-BD99-A02C1FE555F5}"
EndProject
Global
	GlobalSection(SolutionConfigurationPlatforms) = preSolution
		Debug|Any CPU = Debug|Any CPU
		Release|Any CPU = Release|Any CPU
	EndGlobalSection
	GlobalSection(ProjectConfigurationPlatforms) = postSolution
		{DF74D3EC-8BAD-4EF2-9310-05B759B0015D}.Debug|Any CPU.ActiveCfg = Debug|Any CPU
		{DF74D3EC-8BAD-4EF2-9310-05B759B0015D}.Debug|Any CPU.Build.0 = Debug|Any CPU
		{DF74D3EC-8BAD-4EF2-9310-05B759B0015D}.Release|Any CPU.ActiveCfg = Release|Any CPU
		{DF74D3EC-8BAD-4EF2-9310-05B759B0015D}.Release|Any CPU.Build.0 = Release|Any CPU
		{620C1575-DCA9-4AE8-9AD9-429A19B36C0A}.Debug|Any CPU.ActiveCfg = Debug|Any CPU
		{620C1575-DCA9-4AE8-9AD9-429A19B36C0A}.Debug|Any CPU.Build.0 = Debug|Any CPU
		{620C1575-DCA9-4AE8-9AD9-429A19B36C0A}.Release|Any CPU.ActiveCfg = Release|Any CPU
		{620C1575-DCA9-4AE8-9AD9-429A19B36C0A}.Release|Any CPU.Build.0 = Release|Any CPU
		{18131610-1E9E-429C-B93E-D85149FC0529}.Debug|Any CPU.ActiveCfg = Debug|Any CPU
		{18131610-1E9E-429C-B93E-D85149FC0529}.Debug|Any CPU.Build.0 = Debug|Any CPU
		{18131610-1E9E-429C-B93E-D85149FC0529}.Release|Any CPU.ActiveCfg = Release|Any CPU
		{18131610-1E9E-429C-B93E-D85149FC0529}.Release|Any CPU.Build.0 = Release|Any CPU
		{2AF5D3DE-934A-489A-BD99-A02C1FE555F5}.Debug|Any CPU.ActiveCfg = Debug|Any CPU
		{2AF5D3DE-934A-489A-BD99-A02C1FE555F5}.Debug|Any CPU.Build.0 = Debug|Any CPU
		{2AF5D3DE-934A-489A-BD99-A02C1FE555F5}.Release|Any CPU.ActiveCfg = Release|Any CPU
		{2AF5D3DE-934A-489A-BD99-A02C1FE555F5}.Release|Any CPU.Build.0 = Release|Any CPU
	EndGlobalSection
	GlobalSection(SolutionProperties) = preSolution
		HideSolutionNode = FALSE
	EndGlobalSection
	GlobalSection(ExtensibilityGlobals) = postSolution
		SolutionGuid = {A2146295-5C5A-4A7A-8E23-B88FB4FF8F25}
	EndGlobalSection
EndGlobal
